
Microsoft Visual Studio Solution File, Format Version 12.00
# Visual Studio 2013
VisualStudioVersion = 12.0.31101.0
MinimumVisualStudioVersion = 10.0.40219.1
Project("{FAE04EC0-301F-11D3-BF4B-00C04F79EFBC}") = "Input.Site.Web", "Input.Site.Web\Input.Site.Web.csproj", "{91AEEC44-7383-4B08-9441-18F8A512CBA7}"
EndProject
Project("{FAE04EC0-301F-11D3-BF4B-00C04F79EFBC}") = "Input.Site.Tests", "Input.Site.Tests\Input.Site.Tests.csproj", "{0E1C979D-89D4-4405-907E-D5A9A2ED7172}"
EndProject
Global
	GlobalSection(SolutionConfigurationPlatforms) = preSolution
		Debug|Any CPU = Debug|Any CPU
		Release|Any CPU = Release|Any CPU
	EndGlobalSection
	GlobalSection(ProjectConfigurationPlatforms) = postSolution
		{91AEEC44-7383-4B08-9441-18F8A512CBA7}.Debug|Any CPU.ActiveCfg = Debug|Any CPU
		{91AEEC44-7383-4B08-9441-18F8A512CBA7}.Debug|Any CPU.Build.0 = Debug|Any CPU
		{91AEEC44-7383-4B08-9441-18F8A512CBA7}.Release|Any CPU.ActiveCfg = Release|Any CPU
		{91AEEC44-7383-4B08-9441-18F8A512CBA7}.Release|Any CPU.Build.0 = Release|Any CPU
		{0E1C979D-89D4-4405-907E-D5A9A2ED7172}.Debug|Any CPU.ActiveCfg = Debug|Any CPU
		{0E1C979D-89D4-4405-907E-D5A9A2ED7172}.Debug|Any CPU.Build.0 = Debug|Any CPU
		{0E1C979D-89D4-4405-907E-D5A9A2ED7172}.Release|Any CPU.ActiveCfg = Release|Any CPU
		{0E1C979D-89D4-4405-907E-D5A9A2ED7172}.Release|Any CPU.Build.0 = Release|Any CPU
	EndGlobalSection
	GlobalSection(SolutionProperties) = preSolution
		HideSolutionNode = FALSE
	EndGlobalSection
	GlobalSection(MonoDevelopProperties) = preSolution
		StartupItem = Input.Site.Web.Console\Input.Site.Web.Console.csproj
	EndGlobalSection
EndGlobal
